
Microsoft Visual Studio Solution File, Format Version 12.00
# Visual Studio Version 17
VisualStudioVersion = 17.8.34316.72
MinimumVisualStudioVersion = 10.0.40219.1
Project("{9A19103F-16F7-4668-BE54-9A1E7A4F7556}") = "Web", "Web\Web.csproj", "{CD8148E6-8520-4C94-BD70-3E5A7E6D776D}"
EndProject
Project("{9A19103F-16F7-4668-BE54-9A1E7A4F7556}") = "Domains", "Domains\Domains.csproj", "{8BA326E1-5F64-4D59-8796-C9A10A393899}"
EndProject
Project("{9A19103F-16F7-4668-BE54-9A1E7A4F7556}") = "Repository", "Repository\Repository.csproj", "{7FA3FC1C-44DA-4437-ABB8-69C3FC1A3365}"
EndProject
Project("{FAE04EC0-301F-11D3-BF4B-00C04F79EFBC}") = "Servicies", "Servicies\Servicies.csproj", "{2837DA5E-6DC2-43A9-81A2-9257FFDB8248}"
EndProject
Global
	GlobalSection(SolutionConfigurationPlatforms) = preSolution
		Debug|Any CPU = Debug|Any CPU
		Release|Any CPU = Release|Any CPU
	EndGlobalSection
	GlobalSection(ProjectConfigurationPlatforms) = postSolution
		{CD8148E6-8520-4C94-BD70-3E5A7E6D776D}.Debug|Any CPU.ActiveCfg = Debug|Any CPU
		{CD8148E6-8520-4C94-BD70-3E5A7E6D776D}.Debug|Any CPU.Build.0 = Debug|Any CPU
		{CD8148E6-8520-4C94-BD70-3E5A7E6D776D}.Release|Any CPU.ActiveCfg = Release|Any CPU
		{CD8148E6-8520-4C94-BD70-3E5A7E6D776D}.Release|Any CPU.Build.0 = Release|Any CPU
		{8BA326E1-5F64-4D59-8796-C9A10A393899}.Debug|Any CPU.ActiveCfg = Debug|Any CPU
		{8BA326E1-5F64-4D59-8796-C9A10A393899}.Debug|Any CPU.Build.0 = Debug|Any CPU
		{8BA326E1-5F64-4D59-8796-C9A10A393899}.Release|Any CPU.ActiveCfg = Release|Any CPU
		{8BA326E1-5F64-4D59-8796-C9A10A393899}.Release|Any CPU.Build.0 = Release|Any CPU
		{7FA3FC1C-44DA-4437-ABB8-69C3FC1A3365}.Debug|Any CPU.ActiveCfg = Debug|Any CPU
		{7FA3FC1C-44DA-4437-ABB8-69C3FC1A3365}.Debug|Any CPU.Build.0 = Debug|Any CPU
		{7FA3FC1C-44DA-4437-ABB8-69C3FC1A3365}.Release|Any CPU.ActiveCfg = Release|Any CPU
		{7FA3FC1C-44DA-4437-ABB8-69C3FC1A3365}.Release|Any CPU.Build.0 = Release|Any CPU
		{2837DA5E-6DC2-43A9-81A2-9257FFDB8248}.Debug|Any CPU.ActiveCfg = Debug|Any CPU
		{2837DA5E-6DC2-43A9-81A2-9257FFDB8248}.Debug|Any CPU.Build.0 = Debug|Any CPU
		{2837DA5E-6DC2-43A9-81A2-9257FFDB8248}.Release|Any CPU.ActiveCfg = Release|Any CPU
		{2837DA5E-6DC2-43A9-81A2-9257FFDB8248}.Release|Any CPU.Build.0 = Release|Any CPU
	EndGlobalSection
	GlobalSection(SolutionProperties) = preSolution
		HideSolutionNode = FALSE
	EndGlobalSection
	GlobalSection(ExtensibilityGlobals) = postSolution
		SolutionGuid = {E6C379E3-3393-4E94-98BE-AFC7297F476D}
	EndGlobalSection
EndGlobal
